
Microsoft Visual Studio Solution File, Format Version 12.00
# Visual Studio Version 17
VisualStudioVersion = 17.14.36414.22
MinimumVisualStudioVersion = 10.0.40219.1
Project("{FAE04EC0-301F-11D3-BF4B-00C04F79EFBC}") = "ContactManagerPro", "ContactManagerPro\ContactManagerPro.csproj", "{330B5528-F5BA-4718-9937-2FDE386CE62E}"
EndProject
Project("{FAE04EC0-301F-11D3-BF4B-00C04F79EFBC}") = "ContactValidationLibrary", "ContactValidationLibrary\ContactValidationLibrary.csproj", "{8C7AD61D-4C5B-4F73-BABB-96E73DAA52E0}"
EndProject
Project("{930C7802-8A8C-48F9-8165-68863BCCD9DD}") = "WixContact", "WixContact\WixContact.wixproj", "{976E4DB7-392C-4D43-A6F6-CF748373EE3C}"
EndProject
Global
	GlobalSection(SolutionConfigurationPlatforms) = preSolution
		Debug|Any CPU = Debug|Any CPU
		Debug|x86 = Debug|x86
		Release|Any CPU = Release|Any CPU
		Release|x86 = Release|x86
	EndGlobalSection
	GlobalSection(ProjectConfigurationPlatforms) = postSolution
		{330B5528-F5BA-4718-9937-2FDE386CE62E}.Debug|Any CPU.ActiveCfg = Debug|Any CPU
		{330B5528-F5BA-4718-9937-2FDE386CE62E}.Debug|Any CPU.Build.0 = Debug|Any CPU
		{330B5528-F5BA-4718-9937-2FDE386CE62E}.Debug|x86.ActiveCfg = Debug|Any CPU
		{330B5528-F5BA-4718-9937-2FDE386CE62E}.Debug|x86.Build.0 = Debug|Any CPU
		{330B5528-F5BA-4718-9937-2FDE386CE62E}.Release|Any CPU.ActiveCfg = Release|Any CPU
		{330B5528-F5BA-4718-9937-2FDE386CE62E}.Release|Any CPU.Build.0 = Release|Any CPU
		{330B5528-F5BA-4718-9937-2FDE386CE62E}.Release|x86.ActiveCfg = Release|Any CPU
		{330B5528-F5BA-4718-9937-2FDE386CE62E}.Release|x86.Build.0 = Release|Any CPU
		{8C7AD61D-4C5B-4F73-BABB-96E73DAA52E0}.Debug|Any CPU.ActiveCfg = Debug|Any CPU
		{8C7AD61D-4C5B-4F73-BABB-96E73DAA52E0}.Debug|Any CPU.Build.0 = Debug|Any CPU
		{8C7AD61D-4C5B-4F73-BABB-96E73DAA52E0}.Debug|x86.ActiveCfg = Debug|Any CPU
		{8C7AD61D-4C5B-4F73-BABB-96E73DAA52E0}.Debug|x86.Build.0 = Debug|Any CPU
		{8C7AD61D-4C5B-4F73-BABB-96E73DAA52E0}.Release|Any CPU.ActiveCfg = Release|Any CPU
		{8C7AD61D-4C5B-4F73-BABB-96E73DAA52E0}.Release|Any CPU.Build.0 = Release|Any CPU
		{8C7AD61D-4C5B-4F73-BABB-96E73DAA52E0}.Release|x86.ActiveCfg = Release|Any CPU
		{8C7AD61D-4C5B-4F73-BABB-96E73DAA52E0}.Release|x86.Build.0 = Release|Any CPU
		{976E4DB7-392C-4D43-A6F6-CF748373EE3C}.Debug|Any CPU.ActiveCfg = Debug|x86
		{976E4DB7-392C-4D43-A6F6-CF748373EE3C}.Debug|Any CPU.Build.0 = Debug|x86
		{976E4DB7-392C-4D43-A6F6-CF748373EE3C}.Debug|x86.ActiveCfg = Debug|x86
		{976E4DB7-392C-4D43-A6F6-CF748373EE3C}.Debug|x86.Build.0 = Debug|x86
		{976E4DB7-392C-4D43-A6F6-CF748373EE3C}.Release|Any CPU.ActiveCfg = Release|x86
		{976E4DB7-392C-4D43-A6F6-CF748373EE3C}.Release|Any CPU.Build.0 = Release|x86
		{976E4DB7-392C-4D43-A6F6-CF748373EE3C}.Release|x86.ActiveCfg = Release|x86
		{976E4DB7-392C-4D43-A6F6-CF748373EE3C}.Release|x86.Build.0 = Release|x86
	EndGlobalSection
	GlobalSection(SolutionProperties) = preSolution
		HideSolutionNode = FALSE
	EndGlobalSection
	GlobalSection(ExtensibilityGlobals) = postSolution
		SolutionGuid = {FEE6CCD9-75F1-4935-8564-4C118818CCB8}
	EndGlobalSection
EndGlobal
